
Microsoft Visual Studio Solution File, Format Version 12.00
# Visual Studio Version 16
VisualStudioVersion = 16.0.28922.388
MinimumVisualStudioVersion = 10.0.40219.1
Project("{FAE04EC0-301F-11D3-BF4B-00C04F79EFBC}") = "daterangpicker", "daterangpicker\daterangpicker.csproj", "{491919AF-FAAD-4ADD-A5F3-FBD9B0DCB3B9}"
EndProject
Global
	GlobalSection(SolutionConfigurationPlatforms) = preSolution
		Debug|Any CPU = Debug|Any CPU
		Release|Any CPU = Release|Any CPU
	EndGlobalSection
	GlobalSection(ProjectConfigurationPlatforms) = postSolution
		{491919AF-FAAD-4ADD-A5F3-FBD9B0DCB3B9}.Debug|Any CPU.ActiveCfg = Debug|Any CPU
		{491919AF-FAAD-4ADD-A5F3-FBD9B0DCB3B9}.Debug|Any CPU.Build.0 = Debug|Any CPU
		{491919AF-FAAD-4ADD-A5F3-FBD9B0DCB3B9}.Release|Any CPU.ActiveCfg = Release|Any CPU
		{491919AF-FAAD-4ADD-A5F3-FBD9B0DCB3B9}.Release|Any CPU.Build.0 = Release|Any CPU
	EndGlobalSection
	GlobalSection(SolutionProperties) = preSolution
		HideSolutionNode = FALSE
	EndGlobalSection
	GlobalSection(ExtensibilityGlobals) = postSolution
		SolutionGuid = {7DF76F3C-8C8B-437D-A2FD-072F97082A9F}
	EndGlobalSection
EndGlobal
